
Microsoft Visual Studio Solution File, Format Version 12.00
# Visual Studio 2013
VisualStudioVersion = 12.0.21005.1
MinimumVisualStudioVersion = 10.0.40219.1
Project("{8BC9CEB8-8B4A-11D0-8D11-00A0C91BC942}") = "1.并行计算", "1.并行计算\1.并行计算.vcxproj", "{BCEDCE9E-DE5F-4CB2-A747-6379E0E286FD}"
EndProject
Global
	GlobalSection(SolutionConfigurationPlatforms) = preSolution
		Debug|Win32 = Debug|Win32
		Release|Win32 = Release|Win32
	EndGlobalSection
	GlobalSection(ProjectConfigurationPlatforms) = postSolution
		{BCEDCE9E-DE5F-4CB2-A747-6379E0E286FD}.Debug|Win32.ActiveCfg = Debug|Win32
		{BCEDCE9E-DE5F-4CB2-A747-6379E0E286FD}.Debug|Win32.Build.0 = Debug|Win32
		{BCEDCE9E-DE5F-4CB2-A747-6379E0E286FD}.Release|Win32.ActiveCfg = Release|Win32
		{BCEDCE9E-DE5F-4CB2-A747-6379E0E286FD}.Release|Win32.Build.0 = Release|Win32
	EndGlobalSection
	GlobalSection(SolutionProperties) = preSolution
		HideSolutionNode = FALSE
	EndGlobalSection
EndGlobal
