
Microsoft Visual Studio Solution File, Format Version 12.00
# Visual Studio 2013
VisualStudioVersion = 12.0.21005.1
MinimumVisualStudioVersion = 10.0.40219.1
Project("{8BC9CEB8-8B4A-11D0-8D11-00A0C91BC942}") = "2.大括号处理程序", "2.大括号处理程序\2.大括号处理程序.vcxproj", "{B35C2C7C-820A-473E-96E1-1A8314C02141}"
EndProject
Global
	GlobalSection(SolutionConfigurationPlatforms) = preSolution
		Debug|Win32 = Debug|Win32
		Release|Win32 = Release|Win32
	EndGlobalSection
	GlobalSection(ProjectConfigurationPlatforms) = postSolution
		{B35C2C7C-820A-473E-96E1-1A8314C02141}.Debug|Win32.ActiveCfg = Debug|Win32
		{B35C2C7C-820A-473E-96E1-1A8314C02141}.Debug|Win32.Build.0 = Debug|Win32
		{B35C2C7C-820A-473E-96E1-1A8314C02141}.Release|Win32.ActiveCfg = Release|Win32
		{B35C2C7C-820A-473E-96E1-1A8314C02141}.Release|Win32.Build.0 = Release|Win32
	EndGlobalSection
	GlobalSection(SolutionProperties) = preSolution
		HideSolutionNode = FALSE
	EndGlobalSection
EndGlobal
