
Microsoft Visual Studio Solution File, Format Version 12.00
# Visual Studio 2013
VisualStudioVersion = 12.0.21005.1
MinimumVisualStudioVersion = 10.0.40219.1
Project("{8BC9CEB8-8B4A-11D0-8D11-00A0C91BC942}") = "4.条件变量解决线程通信", "4.条件变量解决线程通信\4.条件变量解决线程通信.vcxproj", "{1B4AA92F-5080-4C2B-9666-94F493FD7252}"
EndProject
Global
	GlobalSection(SolutionConfigurationPlatforms) = preSolution
		Debug|Win32 = Debug|Win32
		Release|Win32 = Release|Win32
	EndGlobalSection
	GlobalSection(ProjectConfigurationPlatforms) = postSolution
		{1B4AA92F-5080-4C2B-9666-94F493FD7252}.Debug|Win32.ActiveCfg = Debug|Win32
		{1B4AA92F-5080-4C2B-9666-94F493FD7252}.Debug|Win32.Build.0 = Debug|Win32
		{1B4AA92F-5080-4C2B-9666-94F493FD7252}.Release|Win32.ActiveCfg = Release|Win32
		{1B4AA92F-5080-4C2B-9666-94F493FD7252}.Release|Win32.Build.0 = Release|Win32
	EndGlobalSection
	GlobalSection(SolutionProperties) = preSolution
		HideSolutionNode = FALSE
	EndGlobalSection
EndGlobal
