
Microsoft Visual Studio Solution File, Format Version 12.00
# Visual Studio 2013
VisualStudioVersion = 12.0.21005.1
MinimumVisualStudioVersion = 10.0.40219.1
Project("{8BC9CEB8-8B4A-11D0-8D11-00A0C91BC942}") = "5.多线程与lambda", "5.多线程与lambda\5.多线程与lambda.vcxproj", "{641322C3-07A6-4D41-A59C-2BAAC039738F}"
EndProject
Global
	GlobalSection(SolutionConfigurationPlatforms) = preSolution
		Debug|Win32 = Debug|Win32
		Release|Win32 = Release|Win32
	EndGlobalSection
	GlobalSection(ProjectConfigurationPlatforms) = postSolution
		{641322C3-07A6-4D41-A59C-2BAAC039738F}.Debug|Win32.ActiveCfg = Debug|Win32
		{641322C3-07A6-4D41-A59C-2BAAC039738F}.Debug|Win32.Build.0 = Debug|Win32
		{641322C3-07A6-4D41-A59C-2BAAC039738F}.Release|Win32.ActiveCfg = Release|Win32
		{641322C3-07A6-4D41-A59C-2BAAC039738F}.Release|Win32.Build.0 = Release|Win32
	EndGlobalSection
	GlobalSection(SolutionProperties) = preSolution
		HideSolutionNode = FALSE
	EndGlobalSection
EndGlobal
