
Microsoft Visual Studio Solution File, Format Version 12.00
# Visual Studio 2013
VisualStudioVersion = 12.0.21005.1
MinimumVisualStudioVersion = 10.0.40219.1
Project("{8BC9CEB8-8B4A-11D0-8D11-00A0C91BC942}") = "WariAndDrogran", "WariAndDrogran\WariAndDrogran.vcxproj", "{01828F81-D6DA-4A77-B473-AE79C4D64E71}"
EndProject
Global
	GlobalSection(SolutionConfigurationPlatforms) = preSolution
		Debug|Win32 = Debug|Win32
		Release|Win32 = Release|Win32
	EndGlobalSection
	GlobalSection(ProjectConfigurationPlatforms) = postSolution
		{01828F81-D6DA-4A77-B473-AE79C4D64E71}.Debug|Win32.ActiveCfg = Debug|Win32
		{01828F81-D6DA-4A77-B473-AE79C4D64E71}.Debug|Win32.Build.0 = Debug|Win32
		{01828F81-D6DA-4A77-B473-AE79C4D64E71}.Release|Win32.ActiveCfg = Release|Win32
		{01828F81-D6DA-4A77-B473-AE79C4D64E71}.Release|Win32.Build.0 = Release|Win32
	EndGlobalSection
	GlobalSection(SolutionProperties) = preSolution
		HideSolutionNode = FALSE
	EndGlobalSection
EndGlobal
